
Microsoft Visual Studio Solution File, Format Version 12.00
# Visual Studio Version 16
VisualStudioVersion = 16.0.31112.23
MinimumVisualStudioVersion = 10.0.40219.1
Project("{FAE04EC0-301F-11D3-BF4B-00C04F79EFBC}") = "BRCommTest", "BRCommTest.csproj", "{CC7B5C27-457A-4957-9569-4B11CAD6878A}"
EndProject
Global
	GlobalSection(SolutionConfigurationPlatforms) = preSolution
		Debug|Any CPU = Debug|Any CPU
		Release|Any CPU = Release|Any CPU
	EndGlobalSection
	GlobalSection(ProjectConfigurationPlatforms) = postSolution
		{CC7B5C27-457A-4957-9569-4B11CAD6878A}.Debug|Any CPU.ActiveCfg = Debug|Any CPU
		{CC7B5C27-457A-4957-9569-4B11CAD6878A}.Debug|Any CPU.Build.0 = Debug|Any CPU
		{CC7B5C27-457A-4957-9569-4B11CAD6878A}.Release|Any CPU.ActiveCfg = Release|Any CPU
		{CC7B5C27-457A-4957-9569-4B11CAD6878A}.Release|Any CPU.Build.0 = Release|Any CPU
	EndGlobalSection
	GlobalSection(SolutionProperties) = preSolution
		HideSolutionNode = FALSE
	EndGlobalSection
	GlobalSection(ExtensibilityGlobals) = postSolution
		SolutionGuid = {8CDBA811-9046-488A-9BB5-943F5B21DCE4}
	EndGlobalSection
EndGlobal
